
Microsoft Visual Studio Solution File, Format Version 12.00
# Visual Studio Version 17
VisualStudioVersion = 17.4.33122.133
MinimumVisualStudioVersion = 10.0.40219.1
Project("{FAE04EC0-301F-11D3-BF4B-00C04F79EFBC}") = "TicTacToeQ", "TicTacToeQ\TicTacToeQ.csproj", "{32711AD7-516A-499C-A44A-2EC7E390A5DA}"
EndProject
Project("{FAE04EC0-301F-11D3-BF4B-00C04F79EFBC}") = "ReinforcementLearningSharp", "ReinforcementLearningSharp\ReinforcementLearningSharp.csproj", "{9DAC055E-7C1A-45FA-853D-113F07E309B0}"
EndProject
Global
	GlobalSection(SolutionConfigurationPlatforms) = preSolution
		Debug|Any CPU = Debug|Any CPU
		Release|Any CPU = Release|Any CPU
	EndGlobalSection
	GlobalSection(ProjectConfigurationPlatforms) = postSolution
		{32711AD7-516A-499C-A44A-2EC7E390A5DA}.Debug|Any CPU.ActiveCfg = Debug|Any CPU
		{32711AD7-516A-499C-A44A-2EC7E390A5DA}.Debug|Any CPU.Build.0 = Debug|Any CPU
		{32711AD7-516A-499C-A44A-2EC7E390A5DA}.Release|Any CPU.ActiveCfg = Release|Any CPU
		{32711AD7-516A-499C-A44A-2EC7E390A5DA}.Release|Any CPU.Build.0 = Release|Any CPU
		{9DAC055E-7C1A-45FA-853D-113F07E309B0}.Debug|Any CPU.ActiveCfg = Debug|Any CPU
		{9DAC055E-7C1A-45FA-853D-113F07E309B0}.Debug|Any CPU.Build.0 = Debug|Any CPU
		{9DAC055E-7C1A-45FA-853D-113F07E309B0}.Release|Any CPU.ActiveCfg = Release|Any CPU
		{9DAC055E-7C1A-45FA-853D-113F07E309B0}.Release|Any CPU.Build.0 = Release|Any CPU
	EndGlobalSection
	GlobalSection(SolutionProperties) = preSolution
		HideSolutionNode = FALSE
	EndGlobalSection
	GlobalSection(ExtensibilityGlobals) = postSolution
		SolutionGuid = {FA1BE021-EB87-4686-BDF8-B29DB02F8596}
	EndGlobalSection
EndGlobal
